
Microsoft Visual Studio Solution File, Format Version 12.00
# Visual Studio Version 16
VisualStudioVersion = 16.0.31112.23
MinimumVisualStudioVersion = 10.0.40219.1
Project("{FAE04EC0-301F-11D3-BF4B-00C04F79EFBC}") = "AISD2_ExtraTask", "AISD2_ExtraTask\AISD2_ExtraTask.csproj", "{D2CFEC40-BC99-4394-902D-A5D74FA2EC34}"
EndProject
Global
	GlobalSection(SolutionConfigurationPlatforms) = preSolution
		Debug|Any CPU = Debug|Any CPU
		Release|Any CPU = Release|Any CPU
	EndGlobalSection
	GlobalSection(ProjectConfigurationPlatforms) = postSolution
		{D2CFEC40-BC99-4394-902D-A5D74FA2EC34}.Debug|Any CPU.ActiveCfg = Debug|Any CPU
		{D2CFEC40-BC99-4394-902D-A5D74FA2EC34}.Debug|Any CPU.Build.0 = Debug|Any CPU
		{D2CFEC40-BC99-4394-902D-A5D74FA2EC34}.Release|Any CPU.ActiveCfg = Release|Any CPU
		{D2CFEC40-BC99-4394-902D-A5D74FA2EC34}.Release|Any CPU.Build.0 = Release|Any CPU
	EndGlobalSection
	GlobalSection(SolutionProperties) = preSolution
		HideSolutionNode = FALSE
	EndGlobalSection
	GlobalSection(ExtensibilityGlobals) = postSolution
		SolutionGuid = {D1658809-6DFE-4BDA-847E-C55E801B5B5C}
	EndGlobalSection
EndGlobal
